{
  "name": "npm-link-commitwizard-testing",
  "lockfileVersion": 3,
  "requires": true,
  "packages": {
    "../commitwizard-cli": {
      "version": "1.0.8",
      "extraneous": true,
      "license": "ISC",
      "dependencies": {
        "enquirer": "^2.4.1",
        "fs-extra": "^11.2.0"
      },
      "bin": {
        "commitwizard": "commitwizard.js"
      }
    }
  }
}
